<?xml version="1.0" encoding="utf-8"?>
<Project ToolsVersion="4.0" xmlns="http://schemas.microsoft.com/developer/msbuild/2003">
  <ItemGroup>
    <Filter Include="src">
      <UniqueIdentifier>{a44b6a89-dd1b-434b-b0e4-fc1b4ed47aa3}</UniqueIdentifier>
    </Filter>
    <Filter Include="include">
      <UniqueIdentifier>{8d02fb7d-4f83-4f41-b1c0-05d0cfc81f91}</UniqueIdentifier>
    </Filter>
    <Filter Include="lib">
      <UniqueIdentifier>{7d073518-95a1-492f-bbf1-baa1a15da13b}</UniqueIdentifier>
    </Filter>
    <Filter Include="effects">
      <UniqueIdentifier>{b45c8682-12e3-4ffd-adee-c8d37d5c95d5}</UniqueIdentifier>
    </Filter>
    <Filter Include="lib\svl">
      <UniqueIdentifier>{3d5b7cbb-f187-4207-9cb1-c9e63381d150}</UniqueIdentifier>
    </Filter>
    <Filter Include="lib\rapidjson">
      <UniqueIdentifier>{1d38225f-9cea-4493-b12f-1cecbf6ff192}</UniqueIdentifier>
    </Filter>
    <Filter Include="lib\fadecandy">
      <UniqueIdentifier>{08ecc654-9163-4a80-95aa-f75c17c6f8c5}</UniqueIdentifier>
    </Filter>
    <Filter Include="lib\rapidjson\internal">
      <UniqueIdentifier>{3ad02be7-c1e6-4ad5-a7ff-92ab1dc8aba6}</UniqueIdentifier>
    </Filter>
    <Filter Include="lib\easywsclient">
      <UniqueIdentifier>{83db769d-d29b-4280-8699-cf434f54b6b5}</UniqueIdentifier>
    </Filter>
    <Filter Include="lib\tomlplusplus">
      <UniqueIdentifier>{d56cedc8-e130-4bdd-9a9a-317c0b061d5b}</UniqueIdentifier>
    </Filter>
    <Filter Include="include\effect_system">
      <UniqueIdentifier>{c75964f7-ffbc-4085-b5d0-eefa52016ee3}</UniqueIdentifier>
    </Filter>
  </ItemGroup>
  <ItemGroup>
    <ClCompile Include="src\masterController.cpp">
      <Filter>src</Filter>
    </ClCompile>
    <ClCompile Include="src\sound.cpp">
      <Filter>src</Filter>
    </ClCompile>
    <ClCompile Include="src\userControl.cpp">
      <Filter>src</Filter>
    </ClCompile>
    <ClCompile Include="src\speechRecognition.cpp">
      <Filter>src</Filter>
    </ClCompile>
    <ClCompile Include="src\button.cpp">
      <Filter>src</Filter>
    </ClCompile>
    <ClCompile Include="src\smartFuse.cpp">
      <Filter>src</Filter>
    </ClCompile>
    <ClCompile Include="src\effectRunner.cpp">
      <Filter>src</Filter>
    </ClCompile>
    <ClCompile Include="src\runnable.cpp">
      <Filter>src</Filter>
    </ClCompile>
    <ClCompile Include="lib\easywsclient\easywsclient.cpp">
      <Filter>lib\easywsclient</Filter>
    </ClCompile>
    <ClCompile Include="main.cpp" />
    <ClCompile Include="src\fadecandyServerComms.cpp">
      <Filter>src</Filter>
    </ClCompile>
    <ClCompile Include="src\dacMCP3008.cpp">
      <Filter>src</Filter>
    </ClCompile>
    <ClCompile Include="src\batteryMonitor.cpp">
      <Filter>src</Filter>
    </ClCompile>
    <ClCompile Include="src\error.cpp">
      <Filter>src</Filter>
    </ClCompile>
    <ClCompile Include="src\MasterControllerCommands.cpp">
      <Filter>src</Filter>
    </ClCompile>
    <ClCompile Include="src\cli.cpp">
      <Filter>src</Filter>
    </ClCompile>
    <ClCompile Include="include\Effect Driver Project\LedHarness.cpp">
      <Filter>include\effect_system</Filter>
    </ClCompile>
  </ItemGroup>
  <ItemGroup>
    <ClInclude Include="include\tef\aurora\masterController.h">
      <Filter>include</Filter>
    </ClInclude>
    <ClInclude Include="include\tef\aurora\sound.h">
      <Filter>include</Filter>
    </ClInclude>
    <ClInclude Include="lib\svl\Basics.h">
      <Filter>lib\svl</Filter>
    </ClInclude>
    <ClInclude Include="lib\svl\Constants.h">
      <Filter>lib\svl</Filter>
    </ClInclude>
    <ClInclude Include="lib\svl\Mat.h">
      <Filter>lib\svl</Filter>
    </ClInclude>
    <ClInclude Include="lib\svl\Mat2.h">
      <Filter>lib\svl</Filter>
    </ClInclude>
    <ClInclude Include="lib\svl\Mat3.h">
      <Filter>lib\svl</Filter>
    </ClInclude>
    <ClInclude Include="lib\svl\Mat4.h">
      <Filter>lib\svl</Filter>
    </ClInclude>
    <ClInclude Include="lib\svl\SVL.h">
      <Filter>lib\svl</Filter>
    </ClInclude>
    <ClInclude Include="lib\svl\Transform.h">
      <Filter>lib\svl</Filter>
    </ClInclude>
    <ClInclude Include="lib\svl\Utils.h">
      <Filter>lib\svl</Filter>
    </ClInclude>
    <ClInclude Include="lib\svl\Vec.h">
      <Filter>lib\svl</Filter>
    </ClInclude>
    <ClInclude Include="lib\svl\Vec2.h">
      <Filter>lib\svl</Filter>
    </ClInclude>
    <ClInclude Include="lib\svl\Vec3.h">
      <Filter>lib\svl</Filter>
    </ClInclude>
    <ClInclude Include="lib\svl\Vec4.h">
      <Filter>lib\svl</Filter>
    </ClInclude>
    <ClInclude Include="lib\fadecandy\opc_client.h">
      <Filter>lib\fadecandy</Filter>
    </ClInclude>
    <ClInclude Include="lib\rapidjson\document.h">
      <Filter>lib\rapidjson</Filter>
    </ClInclude>
    <ClInclude Include="lib\rapidjson\filestream.h">
      <Filter>lib\rapidjson</Filter>
    </ClInclude>
    <ClInclude Include="lib\rapidjson\prettywriter.h">
      <Filter>lib\rapidjson</Filter>
    </ClInclude>
    <ClInclude Include="lib\rapidjson\rapidjson.h">
      <Filter>lib\rapidjson</Filter>
    </ClInclude>
    <ClInclude Include="lib\rapidjson\reader.h">
      <Filter>lib\rapidjson</Filter>
    </ClInclude>
    <ClInclude Include="lib\rapidjson\stringbuffer.h">
      <Filter>lib\rapidjson</Filter>
    </ClInclude>
    <ClInclude Include="lib\rapidjson\writer.h">
      <Filter>lib\rapidjson</Filter>
    </ClInclude>
    <ClInclude Include="lib\rapidjson\internal\pow10.h">
      <Filter>lib\rapidjson\internal</Filter>
    </ClInclude>
    <ClInclude Include="lib\rapidjson\internal\stack.h">
      <Filter>lib\rapidjson\internal</Filter>
    </ClInclude>
    <ClInclude Include="lib\rapidjson\internal\strfunc.h">
      <Filter>lib\rapidjson\internal</Filter>
    </ClInclude>
    <ClInclude Include="include\tef\aurora\userControl.h">
      <Filter>include</Filter>
    </ClInclude>
    <ClInclude Include="include\tef\aurora\speechRecognition.h">
      <Filter>include</Filter>
    </ClInclude>
    <ClInclude Include="include\tef\aurora\button.h">
      <Filter>include</Filter>
    </ClInclude>
    <ClInclude Include="include\tef\aurora\smartFuse.h">
      <Filter>include</Filter>
    </ClInclude>
    <ClInclude Include="include\tef\aurora\effectRunner.h">
      <Filter>include</Filter>
    </ClInclude>
    <ClInclude Include="include\tef\aurora\runnable.h">
      <Filter>include</Filter>
    </ClInclude>
    <ClInclude Include="include\tef\aurora\testSuite.h">
      <Filter>include</Filter>
    </ClInclude>
    <ClInclude Include="include\tef\aurora\properties.h">
      <Filter>include</Filter>
    </ClInclude>
    <ClInclude Include="include\tef\aurora\cmd.h">
      <Filter>include</Filter>
    </ClInclude>
    <ClInclude Include="lib\easywsclient\easywsclient.hpp">
      <Filter>lib\easywsclient</Filter>
    </ClInclude>
    <ClInclude Include="include\tef\aurora\fadecandyServerComms.h">
      <Filter>include</Filter>
    </ClInclude>
    <ClInclude Include="include\tef\aurora\dacMCP3008.h">
      <Filter>include</Filter>
    </ClInclude>
    <ClInclude Include="include\tef\aurora\batteryMonitor.h">
      <Filter>include</Filter>
    </ClInclude>
    <ClInclude Include="include\tef\aurora\error.h">
      <Filter>include</Filter>
    </ClInclude>
    <ClInclude Include="lib\tomlplusplus\toml.hpp">
      <Filter>lib\tomlplusplus</Filter>
    </ClInclude>
    <ClInclude Include="include\tef\aurora\cli.h">
      <Filter>include</Filter>
    </ClInclude>
    <ClInclude Include="include\Effect Driver Project\colors.h">
      <Filter>include\effect_system</Filter>
    </ClInclude>
    <ClInclude Include="include\Effect Driver Project\Drivable.h">
      <Filter>include\effect_system</Filter>
    </ClInclude>
    <ClInclude Include="include\Effect Driver Project\Easer.h">
      <Filter>include\effect_system</Filter>
    </ClInclude>
    <ClInclude Include="include\Effect Driver Project\Effect.h">
      <Filter>include\effect_system</Filter>
    </ClInclude>
    <ClInclude Include="include\Effect Driver Project\hsv2rgb.h">
      <Filter>include\effect_system</Filter>
    </ClInclude>
    <ClInclude Include="include\Effect Driver Project\LED.h">
      <Filter>include\effect_system</Filter>
    </ClInclude>
    <ClInclude Include="include\Effect Driver Project\LedHarness.h">
      <Filter>include\effect_system</Filter>
    </ClInclude>
    <ClInclude Include="include\Effect Driver Project\Mask.h">
      <Filter>include\effect_system</Filter>
    </ClInclude>
    <ClInclude Include="include\Effect Driver Project\Masks.h">
      <Filter>include\effect_system</Filter>
    </ClInclude>
    <ClInclude Include="include\Effect Driver Project\Metronome.h">
      <Filter>include\effect_system</Filter>
    </ClInclude>
    <ClInclude Include="include\Effect Driver Project\Texture.h">
      <Filter>include\effect_system</Filter>
    </ClInclude>
    <ClInclude Include="include\Effect Driver Project\utils.h">
      <Filter>include\effect_system</Filter>
    </ClInclude>
    <ClInclude Include="include\Effect Driver Project\FightSong.h">
      <Filter>effects</Filter>
    </ClInclude>
    <ClInclude Include="include\Effect Driver Project\Textures.h">
      <Filter>effects</Filter>
    </ClInclude>
    <ClInclude Include="include\Effect Driver Project\Effects.h">
      <Filter>effects</Filter>
    </ClInclude>
    <ClInclude Include="include\Effect Driver Project\Eyes.h">
      <Filter>effects</Filter>
    </ClInclude>
  </ItemGroup>
  <ItemGroup>
    <None Include="lib\svl\LICENSE">
      <Filter>lib\svl</Filter>
    </None>
    <None Include="lib\svl\README">
      <Filter>lib\svl</Filter>
    </None>
    <None Include="lib\rapidjson\README.md">
      <Filter>lib\rapidjson</Filter>
    </None>
  </ItemGroup>
</Project>